
Microsoft Visual Studio Solution File, Format Version 12.00
# Visual Studio Version 17
VisualStudioVersion = 17.7.34031.279
MinimumVisualStudioVersion = 10.0.40219.1
Project("{FAE04EC0-301F-11D3-BF4B-00C04F79EFBC}") = "todoList_react", "todoList_react.csproj", "{0D21FAB7-B2EA-495E-B408-12682B0D60F7}"
EndProject
Global
	GlobalSection(SolutionConfigurationPlatforms) = preSolution
		Debug|Any CPU = Debug|Any CPU
		Release|Any CPU = Release|Any CPU
	EndGlobalSection
	GlobalSection(ProjectConfigurationPlatforms) = postSolution
		{0D21FAB7-B2EA-495E-B408-12682B0D60F7}.Debug|Any CPU.ActiveCfg = Debug|Any CPU
		{0D21FAB7-B2EA-495E-B408-12682B0D60F7}.Debug|Any CPU.Build.0 = Debug|Any CPU
		{0D21FAB7-B2EA-495E-B408-12682B0D60F7}.Release|Any CPU.ActiveCfg = Release|Any CPU
		{0D21FAB7-B2EA-495E-B408-12682B0D60F7}.Release|Any CPU.Build.0 = Release|Any CPU
	EndGlobalSection
	GlobalSection(SolutionProperties) = preSolution
		HideSolutionNode = FALSE
	EndGlobalSection
	GlobalSection(ExtensibilityGlobals) = postSolution
		SolutionGuid = {B6B4363B-DDA6-4ED6-BB27-E6591FF6A1B4}
	EndGlobalSection
EndGlobal
